{
  "name": "myproject",
  "version": "1.0.0",
  "lockfileVersion": 1,
  "requires": true,
  "dependencies": {
    "@aspnet/signalr": {
      "version": "1.0.4",
      "resolved": "https://registry.npmjs.org/@aspnet/signalr/-/signalr-1.0.4.tgz",
      "integrity": "sha512-q7HMlTZPkZCa/0UclsXvEyqNirpjRfRuwhjEeADD1i6pqe0Yx5OwuCO7+Xsc6MNKR8vE1C9MyxnSj0SecvUbTA=="
    },
    "vue": {
      "version": "2.5.17",
      "resolved": "https://registry.npmjs.org/vue/-/vue-2.5.17.tgz",
      "integrity": "sha512-mFbcWoDIJi0w0Za4emyLiW72Jae0yjANHbCVquMKijcavBGypqlF7zHRgMa5k4sesdv7hv2rB4JPdZfR+TPfhQ=="
    }
  }
}
